
Microsoft Visual Studio Solution File, Format Version 12.00
# Visual Studio 15
VisualStudioVersion = 15.0.28307.539
MinimumVisualStudioVersion = 10.0.40219.1
Project("{FAE04EC0-301F-11D3-BF4B-00C04F79EFBC}") = "CFAP", "CFAP\CFAP.csproj", "{88D78ACB-61F7-44C9-8BE8-33870116408F}"
	ProjectSection(ProjectDependencies) = postProject
		{843B8625-833A-435A-9EFD-779B7FE839D7} = {843B8625-833A-435A-9EFD-779B7FE839D7}
	EndProjectSection
EndProject
Project("{FAE04EC0-301F-11D3-BF4B-00C04F79EFBC}") = "CFAPDataModel", "CFAPDataModel\CFAPDataModel.csproj", "{846426E1-5678-44C2-BDA7-5744E1EF1C44}"
EndProject
Project("{FAE04EC0-301F-11D3-BF4B-00C04F79EFBC}") = "CFAPService", "CFAPService\CFAPService.csproj", "{843B8625-833A-435A-9EFD-779B7FE839D7}"
EndProject
Project("{FAE04EC0-301F-11D3-BF4B-00C04F79EFBC}") = "TestData", "TestData\TestData.csproj", "{89BBACF7-8893-4E46-90BC-1B920019EA4A}"
EndProject
Global
	GlobalSection(SolutionConfigurationPlatforms) = preSolution
		Debug|Any CPU = Debug|Any CPU
		Release|Any CPU = Release|Any CPU
	EndGlobalSection
	GlobalSection(ProjectConfigurationPlatforms) = postSolution
		{88D78ACB-61F7-44C9-8BE8-33870116408F}.Debug|Any CPU.ActiveCfg = Debug|Any CPU
		{88D78ACB-61F7-44C9-8BE8-33870116408F}.Debug|Any CPU.Build.0 = Debug|Any CPU
		{88D78ACB-61F7-44C9-8BE8-33870116408F}.Release|Any CPU.ActiveCfg = Release|Any CPU
		{88D78ACB-61F7-44C9-8BE8-33870116408F}.Release|Any CPU.Build.0 = Release|Any CPU
		{846426E1-5678-44C2-BDA7-5744E1EF1C44}.Debug|Any CPU.ActiveCfg = Debug|Any CPU
		{846426E1-5678-44C2-BDA7-5744E1EF1C44}.Debug|Any CPU.Build.0 = Debug|Any CPU
		{846426E1-5678-44C2-BDA7-5744E1EF1C44}.Release|Any CPU.ActiveCfg = Release|Any CPU
		{846426E1-5678-44C2-BDA7-5744E1EF1C44}.Release|Any CPU.Build.0 = Release|Any CPU
		{843B8625-833A-435A-9EFD-779B7FE839D7}.Debug|Any CPU.ActiveCfg = Debug|Any CPU
		{843B8625-833A-435A-9EFD-779B7FE839D7}.Debug|Any CPU.Build.0 = Debug|Any CPU
		{843B8625-833A-435A-9EFD-779B7FE839D7}.Release|Any CPU.ActiveCfg = Release|Any CPU
		{843B8625-833A-435A-9EFD-779B7FE839D7}.Release|Any CPU.Build.0 = Release|Any CPU
		{89BBACF7-8893-4E46-90BC-1B920019EA4A}.Debug|Any CPU.ActiveCfg = Debug|Any CPU
		{89BBACF7-8893-4E46-90BC-1B920019EA4A}.Debug|Any CPU.Build.0 = Debug|Any CPU
		{89BBACF7-8893-4E46-90BC-1B920019EA4A}.Release|Any CPU.ActiveCfg = Release|Any CPU
		{89BBACF7-8893-4E46-90BC-1B920019EA4A}.Release|Any CPU.Build.0 = Release|Any CPU
	EndGlobalSection
	GlobalSection(SolutionProperties) = preSolution
		HideSolutionNode = FALSE
	EndGlobalSection
	GlobalSection(ExtensibilityGlobals) = postSolution
		SolutionGuid = {ECBBAEB2-B576-4BDA-8446-7256B8D7878E}
	EndGlobalSection
EndGlobal
